
Microsoft Visual Studio Solution File, Format Version 12.00
# Visual Studio 14
VisualStudioVersion = 14.0.25420.1
MinimumVisualStudioVersion = 10.0.40219.1
Project("{FAE04EC0-301F-11D3-BF4B-00C04F79EFBC}") = "Mvc", "DocumentBook\Mvc.csproj", "{01129A90-C446-4B13-94E5-165890F7CE09}"
EndProject
Project("{FAE04EC0-301F-11D3-BF4B-00C04F79EFBC}") = "Model", "Model\Model.csproj", "{32B9DFE6-AF70-456F-B1AB-2E0702D77E0F}"
EndProject
Project("{FAE04EC0-301F-11D3-BF4B-00C04F79EFBC}") = "DataAccessLayer", "DataAccessLayer\DataAccessLayer.csproj", "{17C24651-1CB4-422E-BC98-44117FA9D238}"
EndProject
Project("{FAE04EC0-301F-11D3-BF4B-00C04F79EFBC}") = "BusinessLayer", "BusinessLayer\BusinessLayer.csproj", "{1E4968E8-7CF3-49A2-854A-CABB60C3BCBA}"
EndProject
Project("{FAE04EC0-301F-11D3-BF4B-00C04F79EFBC}") = "Mvc.Test", "Test\Mvc.Test.csproj", "{311D600D-6307-45A7-8516-36FE3F27A5DD}"
EndProject
Project("{FAE04EC0-301F-11D3-BF4B-00C04F79EFBC}") = "WebApi", "WebApi\WebApi.csproj", "{DB5BF98E-7133-4E97-96E2-A71534CBBC61}"
EndProject
Global
	GlobalSection(SolutionConfigurationPlatforms) = preSolution
		Debug|Any CPU = Debug|Any CPU
		Release|Any CPU = Release|Any CPU
	EndGlobalSection
	GlobalSection(ProjectConfigurationPlatforms) = postSolution
		{01129A90-C446-4B13-94E5-165890F7CE09}.Debug|Any CPU.ActiveCfg = Debug|Any CPU
		{01129A90-C446-4B13-94E5-165890F7CE09}.Debug|Any CPU.Build.0 = Debug|Any CPU
		{01129A90-C446-4B13-94E5-165890F7CE09}.Release|Any CPU.ActiveCfg = Release|Any CPU
		{01129A90-C446-4B13-94E5-165890F7CE09}.Release|Any CPU.Build.0 = Release|Any CPU
		{32B9DFE6-AF70-456F-B1AB-2E0702D77E0F}.Debug|Any CPU.ActiveCfg = Debug|Any CPU
		{32B9DFE6-AF70-456F-B1AB-2E0702D77E0F}.Debug|Any CPU.Build.0 = Debug|Any CPU
		{32B9DFE6-AF70-456F-B1AB-2E0702D77E0F}.Release|Any CPU.ActiveCfg = Release|Any CPU
		{32B9DFE6-AF70-456F-B1AB-2E0702D77E0F}.Release|Any CPU.Build.0 = Release|Any CPU
		{17C24651-1CB4-422E-BC98-44117FA9D238}.Debug|Any CPU.ActiveCfg = Debug|Any CPU
		{17C24651-1CB4-422E-BC98-44117FA9D238}.Debug|Any CPU.Build.0 = Debug|Any CPU
		{17C24651-1CB4-422E-BC98-44117FA9D238}.Release|Any CPU.ActiveCfg = Release|Any CPU
		{17C24651-1CB4-422E-BC98-44117FA9D238}.Release|Any CPU.Build.0 = Release|Any CPU
		{1E4968E8-7CF3-49A2-854A-CABB60C3BCBA}.Debug|Any CPU.ActiveCfg = Debug|Any CPU
		{1E4968E8-7CF3-49A2-854A-CABB60C3BCBA}.Debug|Any CPU.Build.0 = Debug|Any CPU
		{1E4968E8-7CF3-49A2-854A-CABB60C3BCBA}.Release|Any CPU.ActiveCfg = Release|Any CPU
		{1E4968E8-7CF3-49A2-854A-CABB60C3BCBA}.Release|Any CPU.Build.0 = Release|Any CPU
		{311D600D-6307-45A7-8516-36FE3F27A5DD}.Debug|Any CPU.ActiveCfg = Debug|Any CPU
		{311D600D-6307-45A7-8516-36FE3F27A5DD}.Debug|Any CPU.Build.0 = Debug|Any CPU
		{311D600D-6307-45A7-8516-36FE3F27A5DD}.Release|Any CPU.ActiveCfg = Release|Any CPU
		{311D600D-6307-45A7-8516-36FE3F27A5DD}.Release|Any CPU.Build.0 = Release|Any CPU
		{DB5BF98E-7133-4E97-96E2-A71534CBBC61}.Debug|Any CPU.ActiveCfg = Debug|Any CPU
		{DB5BF98E-7133-4E97-96E2-A71534CBBC61}.Debug|Any CPU.Build.0 = Debug|Any CPU
		{DB5BF98E-7133-4E97-96E2-A71534CBBC61}.Release|Any CPU.ActiveCfg = Release|Any CPU
		{DB5BF98E-7133-4E97-96E2-A71534CBBC61}.Release|Any CPU.Build.0 = Release|Any CPU
	EndGlobalSection
	GlobalSection(SolutionProperties) = preSolution
		HideSolutionNode = FALSE
	EndGlobalSection
EndGlobal
